
Microsoft Visual Studio Solution File, Format Version 12.00
# Visual Studio Version 17
VisualStudioVersion = 17.7.34221.43
MinimumVisualStudioVersion = 10.0.40219.1
Project("{FAE04EC0-301F-11D3-BF4B-00C04F79EFBC}") = "Ecom.Core", "Ecom.Core\Ecom.Core.csproj", "{97700229-220F-4E35-A236-895835D71F07}"
EndProject
Project("{FAE04EC0-301F-11D3-BF4B-00C04F79EFBC}") = "Ecom.Infrastructure", "Ecom.Infrastructure\Ecom.Infrastructure.csproj", "{44A34BF9-CBDE-4F9E-9483-56169B11F08E}"
EndProject
Project("{FAE04EC0-301F-11D3-BF4B-00C04F79EFBC}") = "Ecom.API", "Ecom.API\Ecom.API.csproj", "{5CE509EF-97AE-4113-81E9-A93ACC3D65A2}"
EndProject
Global
	GlobalSection(SolutionConfigurationPlatforms) = preSolution
		Debug|Any CPU = Debug|Any CPU
		Release|Any CPU = Release|Any CPU
	EndGlobalSection
	GlobalSection(ProjectConfigurationPlatforms) = postSolution
		{97700229-220F-4E35-A236-895835D71F07}.Debug|Any CPU.ActiveCfg = Debug|Any CPU
		{97700229-220F-4E35-A236-895835D71F07}.Debug|Any CPU.Build.0 = Debug|Any CPU
		{97700229-220F-4E35-A236-895835D71F07}.Release|Any CPU.ActiveCfg = Release|Any CPU
		{97700229-220F-4E35-A236-895835D71F07}.Release|Any CPU.Build.0 = Release|Any CPU
		{44A34BF9-CBDE-4F9E-9483-56169B11F08E}.Debug|Any CPU.ActiveCfg = Debug|Any CPU
		{44A34BF9-CBDE-4F9E-9483-56169B11F08E}.Debug|Any CPU.Build.0 = Debug|Any CPU
		{44A34BF9-CBDE-4F9E-9483-56169B11F08E}.Release|Any CPU.ActiveCfg = Release|Any CPU
		{44A34BF9-CBDE-4F9E-9483-56169B11F08E}.Release|Any CPU.Build.0 = Release|Any CPU
		{5CE509EF-97AE-4113-81E9-A93ACC3D65A2}.Debug|Any CPU.ActiveCfg = Debug|Any CPU
		{5CE509EF-97AE-4113-81E9-A93ACC3D65A2}.Debug|Any CPU.Build.0 = Debug|Any CPU
		{5CE509EF-97AE-4113-81E9-A93ACC3D65A2}.Release|Any CPU.ActiveCfg = Release|Any CPU
		{5CE509EF-97AE-4113-81E9-A93ACC3D65A2}.Release|Any CPU.Build.0 = Release|Any CPU
	EndGlobalSection
	GlobalSection(SolutionProperties) = preSolution
		HideSolutionNode = FALSE
	EndGlobalSection
	GlobalSection(ExtensibilityGlobals) = postSolution
		SolutionGuid = {4C51B782-36F1-4DF5-B6D7-656F0CCE9DEE}
	EndGlobalSection
EndGlobal
